{
    "name": "@lesnoypudge/devtools",
    "version": "1.0.2",
    "lockfileVersion": 3,
    "requires": true,
    "packages": {
        "": {
            "name": "@lesnoypudge/devtools",
            "version": "1.0.2",
            "license": "ISC",
            "dependencies": {
                "@lesnoypudge/utils": "^7.4.2"
            },
            "devDependencies": {
                "typescript": "^5.4.5"
            }
        },
        "node_modules/@lesnoypudge/types-global-base": {
            "version": "1.2.0",
            "resolved": "https://registry.npmjs.org/@lesnoypudge/types-global-base/-/types-global-base-1.2.0.tgz",
            "integrity": "sha512-i5afqrY3stKPAL/PEw2NSpGyQCe+TrOrdu9hp7sGfXIhH0fktU82J7GGzHp4fQ+9OvEBDAcnX5GfnjmcEcEEfw==",
            "dependencies": {
                "@total-typescript/ts-reset": "^0.5.1",
                "types-spring": "^2.2.2"
            }
        },
        "node_modules/@lesnoypudge/utils": {
            "version": "7.4.2",
            "resolved": "https://registry.npmjs.org/@lesnoypudge/utils/-/utils-7.4.2.tgz",
            "integrity": "sha512-fT/0S1tsf0CUM3r3ykb39V0RlvP/m5xzaGq2gg5w1HmjMz2LzILiFRVOwZS0uVe81ltsM4qUfMlTUxH4U4UxWQ==",
            "dependencies": {
                "@lesnoypudge/types-global-base": "^1.1.5",
                "auto-bind": "^5.0.1",
                "defaults": "^3.0.0",
                "shallow-equal": "^3.1.0",
                "ts-essentials": "^10.0.0"
            }
        },
        "node_modules/@total-typescript/ts-reset": {
            "version": "0.5.1",
            "resolved": "https://registry.npmjs.org/@total-typescript/ts-reset/-/ts-reset-0.5.1.tgz",
            "integrity": "sha512-AqlrT8YA1o7Ff5wPfMOL0pvL+1X+sw60NN6CcOCqs658emD6RfiXhF7Gu9QcfKBH7ELY2nInLhKSCWVoNL70MQ=="
        },
        "node_modules/auto-bind": {
            "version": "5.0.1",
            "resolved": "https://registry.npmjs.org/auto-bind/-/auto-bind-5.0.1.tgz",
            "integrity": "sha512-ooviqdwwgfIfNmDwo94wlshcdzfO64XV0Cg6oDsDYBJfITDz1EngD2z7DkbvCWn+XIMsIqW27sEVF6qcpJrRcg==",
            "engines": {
                "node": "^12.20.0 || ^14.13.1 || >=16.0.0"
            },
            "funding": {
                "url": "https://github.com/sponsors/sindresorhus"
            }
        },
        "node_modules/defaults": {
            "version": "3.0.0",
            "resolved": "https://registry.npmjs.org/defaults/-/defaults-3.0.0.tgz",
            "integrity": "sha512-RsqXDEAALjfRTro+IFNKpcPCt0/Cy2FqHSIlnomiJp9YGadpQnrtbRpSgN2+np21qHcIKiva4fiOQGjS9/qR/A==",
            "engines": {
                "node": ">=18"
            },
            "funding": {
                "url": "https://github.com/sponsors/sindresorhus"
            }
        },
        "node_modules/shallow-equal": {
            "version": "3.1.0",
            "resolved": "https://registry.npmjs.org/shallow-equal/-/shallow-equal-3.1.0.tgz",
            "integrity": "sha512-pfVOw8QZIXpMbhBWvzBISicvToTiM5WBF1EeAUZDDSb5Dt29yl4AYbyywbJFSEsRUMr7gJaxqCdr4L3tQf9wVg=="
        },
        "node_modules/ts-essentials": {
            "version": "10.0.0",
            "resolved": "https://registry.npmjs.org/ts-essentials/-/ts-essentials-10.0.0.tgz",
            "integrity": "sha512-77FHNJEyysF9+1s4G6eejuA1lxw7uMchT3ZPy3CIbh7GIunffpshtM8pTe5G6N5dpOzNevqRHew859ceLWVBfw==",
            "peerDependencies": {
                "typescript": ">=4.5.0"
            },
            "peerDependenciesMeta": {
                "typescript": {
                    "optional": true
                }
            }
        },
        "node_modules/types-spring": {
            "version": "2.2.2",
            "resolved": "https://registry.npmjs.org/types-spring/-/types-spring-2.2.2.tgz",
            "integrity": "sha512-0VvKot2uYJywHCchKwIcZXVHACvyUgCGWzJUf+z/fLv2n3VQ1q45GvhimT6i55kjPm9WZ4ciDDtB69UCp95uQg==",
            "peerDependencies": {
                "typescript": "^4.7.4 || ^5.0.4"
            }
        },
        "node_modules/typescript": {
            "version": "5.4.5",
            "resolved": "https://registry.npmjs.org/typescript/-/typescript-5.4.5.tgz",
            "integrity": "sha512-vcI4UpRgg81oIRUFwR0WSIHKt11nJ7SAVlYNIu+QpqeyXP+gpQJy/Z4+F0aGxSE4MqwjyXvW/TzgkLAx2AGHwQ==",
            "bin": {
                "tsc": "bin/tsc",
                "tsserver": "bin/tsserver"
            },
            "engines": {
                "node": ">=14.17"
            }
        }
    }
}
